
Microsoft Visual Studio Solution File, Format Version 12.00
# Visual Studio Version 17
VisualStudioVersion = 17.6.33723.286
MinimumVisualStudioVersion = 10.0.40219.1
Project("{2150E333-8FDC-42A3-9474-1A3956D46DE8}") = "Src", "Src", "{2D29FB99-64EE-4188-BE6B-3CCA762CE303}"
EndProject
Project("{2150E333-8FDC-42A3-9474-1A3956D46DE8}") = "Tests", "Tests", "{B32ADF17-F447-49BD-A8D8-6E506B719C16}"
EndProject
Project("{2150E333-8FDC-42A3-9474-1A3956D46DE8}") = "API", "API", "{31C0DB6F-724E-4AB9-93A6-0991A00B7017}"
EndProject
Project("{2150E333-8FDC-42A3-9474-1A3956D46DE8}") = "Core", "Core", "{0ED9ADC3-3A11-4930-A87A-715EE9689B15}"
EndProject
Project("{2150E333-8FDC-42A3-9474-1A3956D46DE8}") = "Infrastructure", "Infrastructure", "{03FFB42D-203A-425F-8277-42807C6B1716}"
EndProject
Project("{2150E333-8FDC-42A3-9474-1A3956D46DE8}") = "UI", "UI", "{6D0BD8F1-7CE6-499E-98EF-8B82AC4D895F}"
EndProject
Project("{9A19103F-16F7-4668-BE54-9A1E7A4F7556}") = "TodoList.Domain", "TodoList.Domain\TodoList.Domain.csproj", "{23B99C13-0E31-47AD-B979-27E509DED412}"
EndProject
Project("{9A19103F-16F7-4668-BE54-9A1E7A4F7556}") = "TodoList.Application", "TodoList.Application\TodoList.Application.csproj", "{03AD72C3-6577-44FF-94DE-F0BD74C71610}"
EndProject
Project("{FAE04EC0-301F-11D3-BF4B-00C04F79EFBC}") = "TodoList.Persistence", "TodoList.Persistence\TodoList.Persistence.csproj", "{CC3FB21E-FF1C-4BBF-AD00-DE16C0472F29}"
EndProject
Global
	GlobalSection(SolutionConfigurationPlatforms) = preSolution
		Debug|Any CPU = Debug|Any CPU
		Release|Any CPU = Release|Any CPU
	EndGlobalSection
	GlobalSection(ProjectConfigurationPlatforms) = postSolution
		{23B99C13-0E31-47AD-B979-27E509DED412}.Debug|Any CPU.ActiveCfg = Debug|Any CPU
		{23B99C13-0E31-47AD-B979-27E509DED412}.Debug|Any CPU.Build.0 = Debug|Any CPU
		{23B99C13-0E31-47AD-B979-27E509DED412}.Release|Any CPU.ActiveCfg = Release|Any CPU
		{23B99C13-0E31-47AD-B979-27E509DED412}.Release|Any CPU.Build.0 = Release|Any CPU
		{03AD72C3-6577-44FF-94DE-F0BD74C71610}.Debug|Any CPU.ActiveCfg = Debug|Any CPU
		{03AD72C3-6577-44FF-94DE-F0BD74C71610}.Debug|Any CPU.Build.0 = Debug|Any CPU
		{03AD72C3-6577-44FF-94DE-F0BD74C71610}.Release|Any CPU.ActiveCfg = Release|Any CPU
		{03AD72C3-6577-44FF-94DE-F0BD74C71610}.Release|Any CPU.Build.0 = Release|Any CPU
		{CC3FB21E-FF1C-4BBF-AD00-DE16C0472F29}.Debug|Any CPU.ActiveCfg = Debug|Any CPU
		{CC3FB21E-FF1C-4BBF-AD00-DE16C0472F29}.Debug|Any CPU.Build.0 = Debug|Any CPU
		{CC3FB21E-FF1C-4BBF-AD00-DE16C0472F29}.Release|Any CPU.ActiveCfg = Release|Any CPU
		{CC3FB21E-FF1C-4BBF-AD00-DE16C0472F29}.Release|Any CPU.Build.0 = Release|Any CPU
	EndGlobalSection
	GlobalSection(SolutionProperties) = preSolution
		HideSolutionNode = FALSE
	EndGlobalSection
	GlobalSection(NestedProjects) = preSolution
		{31C0DB6F-724E-4AB9-93A6-0991A00B7017} = {2D29FB99-64EE-4188-BE6B-3CCA762CE303}
		{0ED9ADC3-3A11-4930-A87A-715EE9689B15} = {2D29FB99-64EE-4188-BE6B-3CCA762CE303}
		{03FFB42D-203A-425F-8277-42807C6B1716} = {2D29FB99-64EE-4188-BE6B-3CCA762CE303}
		{6D0BD8F1-7CE6-499E-98EF-8B82AC4D895F} = {2D29FB99-64EE-4188-BE6B-3CCA762CE303}
		{23B99C13-0E31-47AD-B979-27E509DED412} = {0ED9ADC3-3A11-4930-A87A-715EE9689B15}
		{03AD72C3-6577-44FF-94DE-F0BD74C71610} = {0ED9ADC3-3A11-4930-A87A-715EE9689B15}
		{CC3FB21E-FF1C-4BBF-AD00-DE16C0472F29} = {03FFB42D-203A-425F-8277-42807C6B1716}
	EndGlobalSection
	GlobalSection(ExtensibilityGlobals) = postSolution
		SolutionGuid = {7D0D0C6A-515D-4657-A41C-F8F444FADAF9}
	EndGlobalSection
EndGlobal
